
Microsoft Visual Studio Solution File, Format Version 12.00
# Visual Studio 15
VisualStudioVersion = 15.0.28307.168
MinimumVisualStudioVersion = 10.0.40219.1
Project("{FAE04EC0-301F-11D3-BF4B-00C04F79EFBC}") = "Altkom.DesignPatterns", "Altkom.DesignPatterns\Altkom.DesignPatterns.csproj", "{F06C0652-111D-4CA5-A6CC-48E98A8FE55C}"
EndProject
Global
	GlobalSection(SolutionConfigurationPlatforms) = preSolution
		Debug|Any CPU = Debug|Any CPU
		Release|Any CPU = Release|Any CPU
	EndGlobalSection
	GlobalSection(ProjectConfigurationPlatforms) = postSolution
		{F06C0652-111D-4CA5-A6CC-48E98A8FE55C}.Debug|Any CPU.ActiveCfg = Debug|Any CPU
		{F06C0652-111D-4CA5-A6CC-48E98A8FE55C}.Debug|Any CPU.Build.0 = Debug|Any CPU
		{F06C0652-111D-4CA5-A6CC-48E98A8FE55C}.Release|Any CPU.ActiveCfg = Release|Any CPU
		{F06C0652-111D-4CA5-A6CC-48E98A8FE55C}.Release|Any CPU.Build.0 = Release|Any CPU
	EndGlobalSection
	GlobalSection(SolutionProperties) = preSolution
		HideSolutionNode = FALSE
	EndGlobalSection
	GlobalSection(ExtensibilityGlobals) = postSolution
		SolutionGuid = {299687BC-0AEB-4E08-BD83-FE0FAF6C4C98}
	EndGlobalSection
EndGlobal
